
Microsoft Visual Studio Solution File, Format Version 12.00
# Visual Studio Version 16
VisualStudioVersion = 16.0.29613.14
MinimumVisualStudioVersion = 10.0.40219.1
Project("{8BC9CEB8-8B4A-11D0-8D11-00A0C91BC942}") = "LuaC01", "LuaC01\LuaC01.vcxproj", "{FDDC523F-00D3-4C15-B2A1-19CEB01A713C}"
EndProject
Project("{8BC9CEB8-8B4A-11D0-8D11-00A0C91BC942}") = "LuaC04", "LuaC04\LuaC04.vcxproj", "{A5689A76-F806-426C-A944-4CBEFC5307FC}"
EndProject
Project("{8BC9CEB8-8B4A-11D0-8D11-00A0C91BC942}") = "LuaC05", "LuaC05\LuaC05.vcxproj", "{12827DFE-FBAF-4EE8-A4F4-22138792E79B}"
EndProject
Project("{8BC9CEB8-8B4A-11D0-8D11-00A0C91BC942}") = "LuaC06", "LuaC06\LuaC06.vcxproj", "{00E3631B-8C3F-4368-8DA0-E598F945DF50}"
EndProject
Global
	GlobalSection(SolutionConfigurationPlatforms) = preSolution
		Debug|x64 = Debug|x64
		Debug|x86 = Debug|x86
		Release|x64 = Release|x64
		Release|x86 = Release|x86
	EndGlobalSection
	GlobalSection(ProjectConfigurationPlatforms) = postSolution
		{FDDC523F-00D3-4C15-B2A1-19CEB01A713C}.Debug|x64.ActiveCfg = Debug|x64
		{FDDC523F-00D3-4C15-B2A1-19CEB01A713C}.Debug|x64.Build.0 = Debug|x64
		{FDDC523F-00D3-4C15-B2A1-19CEB01A713C}.Debug|x86.ActiveCfg = Debug|Win32
		{FDDC523F-00D3-4C15-B2A1-19CEB01A713C}.Debug|x86.Build.0 = Debug|Win32
		{FDDC523F-00D3-4C15-B2A1-19CEB01A713C}.Release|x64.ActiveCfg = Release|x64
		{FDDC523F-00D3-4C15-B2A1-19CEB01A713C}.Release|x64.Build.0 = Release|x64
		{FDDC523F-00D3-4C15-B2A1-19CEB01A713C}.Release|x86.ActiveCfg = Release|Win32
		{FDDC523F-00D3-4C15-B2A1-19CEB01A713C}.Release|x86.Build.0 = Release|Win32
		{A5689A76-F806-426C-A944-4CBEFC5307FC}.Debug|x64.ActiveCfg = Debug|x64
		{A5689A76-F806-426C-A944-4CBEFC5307FC}.Debug|x64.Build.0 = Debug|x64
		{A5689A76-F806-426C-A944-4CBEFC5307FC}.Debug|x86.ActiveCfg = Debug|Win32
		{A5689A76-F806-426C-A944-4CBEFC5307FC}.Debug|x86.Build.0 = Debug|Win32
		{A5689A76-F806-426C-A944-4CBEFC5307FC}.Release|x64.ActiveCfg = Release|x64
		{A5689A76-F806-426C-A944-4CBEFC5307FC}.Release|x64.Build.0 = Release|x64
		{A5689A76-F806-426C-A944-4CBEFC5307FC}.Release|x86.ActiveCfg = Release|Win32
		{A5689A76-F806-426C-A944-4CBEFC5307FC}.Release|x86.Build.0 = Release|Win32
		{12827DFE-FBAF-4EE8-A4F4-22138792E79B}.Debug|x64.ActiveCfg = Debug|x64
		{12827DFE-FBAF-4EE8-A4F4-22138792E79B}.Debug|x64.Build.0 = Debug|x64
		{12827DFE-FBAF-4EE8-A4F4-22138792E79B}.Debug|x86.ActiveCfg = Debug|Win32
		{12827DFE-FBAF-4EE8-A4F4-22138792E79B}.Debug|x86.Build.0 = Debug|Win32
		{12827DFE-FBAF-4EE8-A4F4-22138792E79B}.Release|x64.ActiveCfg = Release|x64
		{12827DFE-FBAF-4EE8-A4F4-22138792E79B}.Release|x64.Build.0 = Release|x64
		{12827DFE-FBAF-4EE8-A4F4-22138792E79B}.Release|x86.ActiveCfg = Release|Win32
		{12827DFE-FBAF-4EE8-A4F4-22138792E79B}.Release|x86.Build.0 = Release|Win32
		{00E3631B-8C3F-4368-8DA0-E598F945DF50}.Debug|x64.ActiveCfg = Debug|x64
		{00E3631B-8C3F-4368-8DA0-E598F945DF50}.Debug|x64.Build.0 = Debug|x64
		{00E3631B-8C3F-4368-8DA0-E598F945DF50}.Debug|x86.ActiveCfg = Debug|Win32
		{00E3631B-8C3F-4368-8DA0-E598F945DF50}.Debug|x86.Build.0 = Debug|Win32
		{00E3631B-8C3F-4368-8DA0-E598F945DF50}.Release|x64.ActiveCfg = Release|x64
		{00E3631B-8C3F-4368-8DA0-E598F945DF50}.Release|x64.Build.0 = Release|x64
		{00E3631B-8C3F-4368-8DA0-E598F945DF50}.Release|x86.ActiveCfg = Release|Win32
		{00E3631B-8C3F-4368-8DA0-E598F945DF50}.Release|x86.Build.0 = Release|Win32
	EndGlobalSection
	GlobalSection(SolutionProperties) = preSolution
		HideSolutionNode = FALSE
	EndGlobalSection
	GlobalSection(ExtensibilityGlobals) = postSolution
		SolutionGuid = {E340F0FB-D512-4E8A-AB07-58C00738C125}
	EndGlobalSection
EndGlobal
